// !$*UTF8*$!
{
	archiveVersion = 1;
	classes = {
	};
	objectVersion = 56;
	objects = {

/* Begin PBXBuildFile section */
		88860A0D2EA0DF5C006948EE /* FilmEffectApp.swift in Sources */ = {isa = PBXBuildFile; fileRef = 88860A0C2EA0DF5C006948EE /* FilmEffectApp.swift */; };
		88860A0F2EA0DF5C006948EE /* ContentView.swift in Sources */ = {isa = PBXBuildFile; fileRef = 88860A0E2EA0DF5C006948EE /* ContentView.swift */; };
		88860A112EA0DF5D006948EE /* Assets.xcassets in Resources */ = {isa = PBXBuildFile; fileRef = 88860A102EA0DF5D006948EE /* Assets.xcassets */; };
		88860A152EA0DF5D006948EE /* Preview Assets.xcassets in Resources */ = {isa = PBXBuildFile; fileRef = 88860A142EA0DF5D006948EE /* Preview Assets.xcassets */; };
		88860A1F2EA0DF5E006948EE /* FilmEffectTests.swift in Sources */ = {isa = PBXBuildFile; fileRef = 88860A1E2EA0DF5E006948EE /* FilmEffectTests.swift */; };
		88860A292EA0DF5E006948EE /* FilmEffectUITests.swift in Sources */ = {isa = PBXBuildFile; fileRef = 88860A282EA0DF5E006948EE /* FilmEffectUITests.swift */; };
		88860A2B2EA0DF5E006948EE /* FilmEffectUITestsLaunchTests.swift in Sources */ = {isa = PBXBuildFile; fileRef = 88860A2A2EA0DF5E006948EE /* FilmEffectUITestsLaunchTests.swift */; };
		88860A3C2EA53932006948EE /* StartView.swift in Sources */ = {isa = PBXBuildFile; fileRef = 88860A3B2EA53932006948EE /* StartView.swift */; };
		88860A3E2EA53964006948EE /* EditView.swift in Sources */ = {isa = PBXBuildFile; fileRef = 88860A3D2EA53964006948EE /* EditView.swift */; };
		88860A402EA53992006948EE /* PhotoPicker.swift in Sources */ = {isa = PBXBuildFile; fileRef = 88860A3F2EA53992006948EE /* PhotoPicker.swift */; };
/* End PBXBuildFile section */

/* Begin PBXContainerItemProxy section */
		88860A1B2EA0DF5E006948EE /* PBXContainerItemProxy */ = {
			isa = PBXContainerItemProxy;
			containerPortal = 88860A012EA0DF5C006948EE /* Project object */;
			proxyType = 1;
			remoteGlobalIDString = 88860A082EA0DF5C006948EE;
			remoteInfo = FilmEffect;
		};
		88860A252EA0DF5E006948EE /* PBXContainerItemProxy */ = {
			isa = PBXContainerItemProxy;
			containerPortal = 88860A012EA0DF5C006948EE /* Project object */;
			proxyType = 1;
			remoteGlobalIDString = 88860A082EA0DF5C006948EE;
			remoteInfo = FilmEffect;
		};
/* End PBXContainerItemProxy section */

/* Begin PBXFileReference section */
		88860A092EA0DF5C006948EE /* FilmEffect.app */ = {isa = PBXFileReference; explicitFileType = wrapper.application; includeInIndex = 0; path = FilmEffect.app; sourceTree = BUILT_PRODUCTS_DIR; };
		88860A0C2EA0DF5C006948EE /* FilmEffectApp.swift */ = {isa = PBXFileReference; lastKnownFileType = sourcecode.swift; path = FilmEffectApp.swift; sourceTree = "<group>"; };
		88860A0E2EA0DF5C006948EE /* ContentView.swift */ = {isa = PBXFileReference; lastKnownFileType = sourcecode.swift; path = ContentView.swift; sourceTree = "<group>"; };
		88860A102EA0DF5D006948EE /* Assets.xcassets */ = {isa = PBXFileReference; lastKnownFileType = folder.assetcatalog; path = Assets.xcassets; sourceTree = "<group>"; };
		88860A122EA0DF5D006948EE /* FilmEffect.entitlements */ = {isa = PBXFileReference; lastKnownFileType = text.plist.entitlements; path = FilmEffect.entitlements; sourceTree = "<group>"; };
		88860A142EA0DF5D006948EE /* Preview Assets.xcassets */ = {isa = PBXFileReference; lastKnownFileType = folder.assetcatalog; path = "Preview Assets.xcassets"; sourceTree = "<group>"; };
		88860A1A2EA0DF5E006948EE /* FilmEffectTests.xctest */ = {isa = PBXFileReference; explicitFileType = wrapper.cfbundle; includeInIndex = 0; path = FilmEffectTests.xctest; sourceTree = BUILT_PRODUCTS_DIR; };
		88860A1E2EA0DF5E006948EE /* FilmEffectTests.swift */ = {isa = PBXFileReference; lastKnownFileType = sourcecode.swift; path = FilmEffectTests.swift; sourceTree = "<group>"; };
		88860A242EA0DF5E006948EE /* FilmEffectUITests.xctest */ = {isa = PBXFileReference; explicitFileType = wrapper.cfbundle; includeInIndex = 0; path = FilmEffectUITests.xctest; sourceTree = BUILT_PRODUCTS_DIR; };
		88860A282EA0DF5E006948EE /* FilmEffectUITests.swift */ = {isa = PBXFileReference; lastKnownFileType = sourcecode.swift; path = FilmEffectUITests.swift; sourceTree = "<group>"; };
		88860A2A2EA0DF5E006948EE /* FilmEffectUITestsLaunchTests.swift */ = {isa = PBXFileReference; lastKnownFileType = sourcecode.swift; path = FilmEffectUITestsLaunchTests.swift; sourceTree = "<group>"; };
		88860A3B2EA53932006948EE /* StartView.swift */ = {isa = PBXFileReference; lastKnownFileType = sourcecode.swift; path = StartView.swift; sourceTree = "<group>"; };
		88860A3D2EA53964006948EE /* EditView.swift */ = {isa = PBXFileReference; lastKnownFileType = sourcecode.swift; path = EditView.swift; sourceTree = "<group>"; };
		88860A3F2EA53992006948EE /* PhotoPicker.swift */ = {isa = PBXFileReference; lastKnownFileType = sourcecode.swift; path = PhotoPicker.swift; sourceTree = "<group>"; };
/* End PBXFileReference section */

/* Begin PBXFrameworksBuildPhase section */
		88860A062EA0DF5C006948EE /* Frameworks */ = {
			isa = PBXFrameworksBuildPhase;
			buildActionMask = 2147483647;
			files = (
			);
			runOnlyForDeploymentPostprocessing = 0;
		};
		88860A172EA0DF5E006948EE /* Frameworks */ = {
			isa = PBXFrameworksBuildPhase;
			buildActionMask = 2147483647;
			files = (
			);
			runOnlyForDeploymentPostprocessing = 0;
		};
		88860A212EA0DF5E006948EE /* Frameworks */ = {
			isa = PBXFrameworksBuildPhase;
			buildActionMask = 2147483647;
			files = (
			);
			runOnlyForDeploymentPostprocessing = 0;
		};
/* End PBXFrameworksBuildPhase section */

/* Begin PBXGroup section */
		88860A002EA0DF5C006948EE = {
			isa = PBXGroup;
			children = (
				88860A0B2EA0DF5C006948EE /* FilmEffect */,
				88860A1D2EA0DF5E006948EE /* FilmEffectTests */,
				88860A272EA0DF5E006948EE /* FilmEffectUITests */,
				88860A0A2EA0DF5C006948EE /* Products */,
			);
			sourceTree = "<group>";
		};
		88860A0A2EA0DF5C006948EE /* Products */ = {
			isa = PBXGroup;
			children = (
				88860A092EA0DF5C006948EE /* FilmEffect.app */,
				88860A1A2EA0DF5E006948EE /* FilmEffectTests.xctest */,
				88860A242EA0DF5E006948EE /* FilmEffectUITests.xctest */,
			);
			name = Products;
			sourceTree = "<group>";
		};
		88860A0B2EA0DF5C006948EE /* FilmEffect */ = {
			isa = PBXGroup;
			children = (
				88860A0C2EA0DF5C006948EE /* FilmEffectApp.swift */,
				88860A0E2EA0DF5C006948EE /* ContentView.swift */,
				88860A102EA0DF5D006948EE /* Assets.xcassets */,
				88860A122EA0DF5D006948EE /* FilmEffect.entitlements */,
				88860A132EA0DF5D006948EE /* Preview Content */,
				88860A3B2EA53932006948EE /* StartView.swift */,
				88860A3D2EA53964006948EE /* EditView.swift */,
				88860A3F2EA53992006948EE /* PhotoPicker.swift */,
			);
			path = FilmEffect;
			sourceTree = "<group>";
		};
		88860A132EA0DF5D006948EE /* Preview Content */ = {
			isa = PBXGroup;
			children = (
				88860A142EA0DF5D006948EE /* Preview Assets.xcassets */,
			);
			path = "Preview Content";
			sourceTree = "<group>";
		};
		88860A1D2EA0DF5E006948EE /* FilmEffectTests */ = {
			isa = PBXGroup;
			children = (
				88860A1E2EA0DF5E006948EE /* FilmEffectTests.swift */,
			);
			path = FilmEffectTests;
			sourceTree = "<group>";
		};
		88860A272EA0DF5E006948EE /* FilmEffectUITests */ = {
			isa = PBXGroup;
			children = (
				88860A282EA0DF5E006948EE /* FilmEffectUITests.swift */,
				88860A2A2EA0DF5E006948EE /* FilmEffectUITestsLaunchTests.swift */,
			);
			path = FilmEffectUITests;
			sourceTree = "<group>";
		};
/* End PBXGroup section */

/* Begin PBXNativeTarget section */
		88860A082EA0DF5C006948EE /* FilmEffect */ = {
			isa = PBXNativeTarget;
			buildConfigurationList = 88860A2E2EA0DF5E006948EE /* Build configuration list for PBXNativeTarget "FilmEffect" */;
			buildPhases = (
				88860A052EA0DF5C006948EE /* Sources */,
				88860A062EA0DF5C006948EE /* Frameworks */,
				88860A072EA0DF5C006948EE /* Resources */,
			);
			buildRules = (
			);
			dependencies = (
			);
			name = FilmEffect;
			productName = FilmEffect;
			productReference = 88860A092EA0DF5C006948EE /* FilmEffect.app */;
			productType = "com.apple.product-type.application";
		};
		88860A192EA0DF5E006948EE /* FilmEffectTests */ = {
			isa = PBXNativeTarget;
			buildConfigurationList = 88860A312EA0DF5E006948EE /* Build configuration list for PBXNativeTarget "FilmEffectTests" */;
			buildPhases = (
				88860A162EA0DF5E006948EE /* Sources */,
				88860A172EA0DF5E006948EE /* Frameworks */,
				88860A182EA0DF5E006948EE /* Resources */,
			);
			buildRules = (
			);
			dependencies = (
				88860A1C2EA0DF5E006948EE /* PBXTargetDependency */,
			);
			name = FilmEffectTests;
			productName = FilmEffectTests;
			productReference = 88860A1A2EA0DF5E006948EE /* FilmEffectTests.xctest */;
			productType = "com.apple.product-type.bundle.unit-test";
		};
		88860A232EA0DF5E006948EE /* FilmEffectUITests */ = {
			isa = PBXNativeTarget;
			buildConfigurationList = 88860A342EA0DF5E006948EE /* Build configuration list for PBXNativeTarget "FilmEffectUITests" */;
			buildPhases = (
				88860A202EA0DF5E006948EE /* Sources */,
				88860A212EA0DF5E006948EE /* Frameworks */,
				88860A222EA0DF5E006948EE /* Resources */,
			);
			buildRules = (
			);
			dependencies = (
				88860A262EA0DF5E006948EE /* PBXTargetDependency */,
			);
			name = FilmEffectUITests;
			productName = FilmEffectUITests;
			productReference = 88860A242EA0DF5E006948EE /* FilmEffectUITests.xctest */;
			productType = "com.apple.product-type.bundle.ui-testing";
		};
/* End PBXNativeTarget section */

/* Begin PBXProject section */
		88860A012EA0DF5C006948EE /* Project object */ = {
			isa = PBXProject;
			attributes = {
				BuildIndependentTargetsInParallel = 1;
				LastSwiftUpdateCheck = 1420;
				LastUpgradeCheck = 1420;
				TargetAttributes = {
					88860A082EA0DF5C006948EE = {
						CreatedOnToolsVersion = 14.2;
					};
					88860A192EA0DF5E006948EE = {
						CreatedOnToolsVersion = 14.2;
						TestTargetID = 88860A082EA0DF5C006948EE;
					};
					88860A232EA0DF5E006948EE = {
						CreatedOnToolsVersion = 14.2;
						TestTargetID = 88860A082EA0DF5C006948EE;
					};
				};
			};
			buildConfigurationList = 88860A042EA0DF5C006948EE /* Build configuration list for PBXProject "FilmEffect" */;
			compatibilityVersion = "Xcode 14.0";
			developmentRegion = en;
			hasScannedForEncodings = 0;
			knownRegions = (
				en,
				Base,
			);
			mainGroup = 88860A002EA0DF5C006948EE;
			productRefGroup = 88860A0A2EA0DF5C006948EE /* Products */;
			projectDirPath = "";
			projectRoot = "";
			targets = (
				88860A082EA0DF5C006948EE /* FilmEffect */,
				88860A192EA0DF5E006948EE /* FilmEffectTests */,
				88860A232EA0DF5E006948EE /* FilmEffectUITests */,
			);
		};
/* End PBXProject section */

/* Begin PBXResourcesBuildPhase section */
		88860A072EA0DF5C006948EE /* Resources */ = {
			isa = PBXResourcesBuildPhase;
			buildActionMask = 2147483647;
			files = (
				88860A152EA0DF5D006948EE /* Preview Assets.xcassets in Resources */,
				88860A112EA0DF5D006948EE /* Assets.xcassets in Resources */,
			);
			runOnlyForDeploymentPostprocessing = 0;
		};
		88860A182EA0DF5E006948EE /* Resources */ = {
			isa = PBXResourcesBuildPhase;
			buildActionMask = 2147483647;
			files = (
			);
			runOnlyForDeploymentPostprocessing = 0;
		};
		88860A222EA0DF5E006948EE /* Resources */ = {
			isa = PBXResourcesBuildPhase;
			buildActionMask = 2147483647;
			files = (
			);
			runOnlyForDeploymentPostprocessing = 0;
		};
/* End PBXResourcesBuildPhase section */

/* Begin PBXSourcesBuildPhase section */
		88860A052EA0DF5C006948EE /* Sources */ = {
			isa = PBXSourcesBuildPhase;
			buildActionMask = 2147483647;
			files = (
				88860A3C2EA53932006948EE /* StartView.swift in Sources */,
				88860A0F2EA0DF5C006948EE /* ContentView.swift in Sources */,
				88860A3E2EA53964006948EE /* EditView.swift in Sources */,
				88860A402EA53992006948EE /* PhotoPicker.swift in Sources */,
				88860A0D2EA0DF5C006948EE /* FilmEffectApp.swift in Sources */,
			);
			runOnlyForDeploymentPostprocessing = 0;
		};
		88860A162EA0DF5E006948EE /* Sources */ = {
			isa = PBXSourcesBuildPhase;
			buildActionMask = 2147483647;
			files = (
				88860A1F2EA0DF5E006948EE /* FilmEffectTests.swift in Sources */,
			);
			runOnlyForDeploymentPostprocessing = 0;
		};
		88860A202EA0DF5E006948EE /* Sources */ = {
			isa = PBXSourcesBuildPhase;
			buildActionMask = 2147483647;
			files = (
				88860A292EA0DF5E006948EE /* FilmEffectUITests.swift in Sources */,
				88860A2B2EA0DF5E006948EE /* FilmEffectUITestsLaunchTests.swift in Sources */,
			);
			runOnlyForDeploymentPostprocessing = 0;
		};
/* End PBXSourcesBuildPhase section */

/* Begin PBXTargetDependency section */
		88860A1C2EA0DF5E006948EE /* PBXTargetDependency */ = {
			isa = PBXTargetDependency;
			target = 88860A082EA0DF5C006948EE /* FilmEffect */;
			targetProxy = 88860A1B2EA0DF5E006948EE /* PBXContainerItemProxy */;
		};
		88860A262EA0DF5E006948EE /* PBXTargetDependency */ = {
			isa = PBXTargetDependency;
			target = 88860A082EA0DF5C006948EE /* FilmEffect */;
			targetProxy = 88860A252EA0DF5E006948EE /* PBXContainerItemProxy */;
		};
/* End PBXTargetDependency section */

/* Begin XCBuildConfiguration section */
		88860A2C2EA0DF5E006948EE /* Debug */ = {
			isa = XCBuildConfiguration;
			buildSettings = {
				ALWAYS_SEARCH_USER_PATHS = NO;
				CLANG_ANALYZER_NONNULL = YES;
				CLANG_ANALYZER_NUMBER_OBJECT_CONVERSION = YES_AGGRESSIVE;
				CLANG_CXX_LANGUAGE_STANDARD = "gnu++20";
				CLANG_ENABLE_MODULES = YES;
				CLANG_ENABLE_OBJC_ARC = YES;
				CLANG_ENABLE_OBJC_WEAK = YES;
				CLANG_WARN_BLOCK_CAPTURE_AUTORELEASING = YES;
				CLANG_WARN_BOOL_CONVERSION = YES;
				CLANG_WARN_COMMA = YES;
				CLANG_WARN_CONSTANT_CONVERSION = YES;
				CLANG_WARN_DEPRECATED_OBJC_IMPLEMENTATIONS = YES;
				CLANG_WARN_DIRECT_OBJC_ISA_USAGE = YES_ERROR;
				CLANG_WARN_DOCUMENTATION_COMMENTS = YES;
				CLANG_WARN_EMPTY_BODY = YES;
				CLANG_WARN_ENUM_CONVERSION = YES;
				CLANG_WARN_INFINITE_RECURSION = YES;
				CLANG_WARN_INT_CONVERSION = YES;
				CLANG_WARN_NON_LITERAL_NULL_CONVERSION = YES;
				CLANG_WARN_OBJC_IMPLICIT_RETAIN_SELF = YES;
				CLANG_WARN_OBJC_LITERAL_CONVERSION = YES;
				CLANG_WARN_OBJC_ROOT_CLASS = YES_ERROR;
				CLANG_WARN_QUOTED_INCLUDE_IN_FRAMEWORK_HEADER = YES;
				CLANG_WARN_RANGE_LOOP_ANALYSIS = YES;
				CLANG_WARN_STRICT_PROTOTYPES = YES;
				CLANG_WARN_SUSPICIOUS_MOVE = YES;
				CLANG_WARN_UNGUARDED_AVAILABILITY = YES_AGGRESSIVE;
				CLANG_WARN_UNREACHABLE_CODE = YES;
				CLANG_WARN__DUPLICATE_METHOD_MATCH = YES;
				COPY_PHASE_STRIP = NO;
				DEBUG_INFORMATION_FORMAT = dwarf;
				ENABLE_STRICT_OBJC_MSGSEND = YES;
				ENABLE_TESTABILITY = YES;
				GCC_C_LANGUAGE_STANDARD = gnu11;
				GCC_DYNAMIC_NO_PIC = NO;
				GCC_NO_COMMON_BLOCKS = YES;
				GCC_OPTIMIZATION_LEVEL = 0;
				GCC_PREPROCESSOR_DEFINITIONS = (
					"DEBUG=1",
					"$(inherited)",
				);
				GCC_WARN_64_TO_32_BIT_CONVERSION = YES;
				GCC_WARN_ABOUT_RETURN_TYPE = YES_ERROR;
				GCC_WARN_UNDECLARED_SELECTOR = YES;
				GCC_WARN_UNINITIALIZED_AUTOS = YES_AGGRESSIVE;
				GCC_WARN_UNUSED_FUNCTION = YES;
				GCC_WARN_UNUSED_VARIABLE = YES;
				MTL_ENABLE_DEBUG_INFO = INCLUDE_SOURCE;
				MTL_FAST_MATH = YES;
				ONLY_ACTIVE_ARCH = YES;
				SWIFT_ACTIVE_COMPILATION_CONDITIONS = DEBUG;
				SWIFT_OPTIMIZATION_LEVEL = "-Onone";
			};
			name = Debug;
		};
		88860A2D2EA0DF5E006948EE /* Release */ = {
			isa = XCBuildConfiguration;
			buildSettings = {
				ALWAYS_SEARCH_USER_PATHS = NO;
				CLANG_ANALYZER_NONNULL = YES;
				CLANG_ANALYZER_NUMBER_OBJECT_CONVERSION = YES_AGGRESSIVE;
				CLANG_CXX_LANGUAGE_STANDARD = "gnu++20";
				CLANG_ENABLE_MODULES = YES;
				CLANG_ENABLE_OBJC_ARC = YES;
				CLANG_ENABLE_OBJC_WEAK = YES;
				CLANG_WARN_BLOCK_CAPTURE_AUTORELEASING = YES;
				CLANG_WARN_BOOL_CONVERSION = YES;
				CLANG_WARN_COMMA = YES;
				CLANG_WARN_CONSTANT_CONVERSION = YES;
				CLANG_WARN_DEPRECATED_OBJC_IMPLEMENTATIONS = YES;
				CLANG_WARN_DIRECT_OBJC_ISA_USAGE = YES_ERROR;
				CLANG_WARN_DOCUMENTATION_COMMENTS = YES;
				CLANG_WARN_EMPTY_BODY = YES;
				CLANG_WARN_ENUM_CONVERSION = YES;
				CLANG_WARN_INFINITE_RECURSION = YES;
				CLANG_WARN_INT_CONVERSION = YES;
				CLANG_WARN_NON_LITERAL_NULL_CONVERSION = YES;
				CLANG_WARN_OBJC_IMPLICIT_RETAIN_SELF = YES;
				CLANG_WARN_OBJC_LITERAL_CONVERSION = YES;
				CLANG_WARN_OBJC_ROOT_CLASS = YES_ERROR;
				CLANG_WARN_QUOTED_INCLUDE_IN_FRAMEWORK_HEADER = YES;
				CLANG_WARN_RANGE_LOOP_ANALYSIS = YES;
				CLANG_WARN_STRICT_PROTOTYPES = YES;
				CLANG_WARN_SUSPICIOUS_MOVE = YES;
				CLANG_WARN_UNGUARDED_AVAILABILITY = YES_AGGRESSIVE;
				CLANG_WARN_UNREACHABLE_CODE = YES;
				CLANG_WARN__DUPLICATE_METHOD_MATCH = YES;
				COPY_PHASE_STRIP = NO;
				DEBUG_INFORMATION_FORMAT = "dwarf-with-dsym";
				ENABLE_NS_ASSERTIONS = NO;
				ENABLE_STRICT_OBJC_MSGSEND = YES;
				GCC_C_LANGUAGE_STANDARD = gnu11;
				GCC_NO_COMMON_BLOCKS = YES;
				GCC_WARN_64_TO_32_BIT_CONVERSION = YES;
				GCC_WARN_ABOUT_RETURN_TYPE = YES_ERROR;
				GCC_WARN_UNDECLARED_SELECTOR = YES;
				GCC_WARN_UNINITIALIZED_AUTOS = YES_AGGRESSIVE;
				GCC_WARN_UNUSED_FUNCTION = YES;
				GCC_WARN_UNUSED_VARIABLE = YES;
				MTL_ENABLE_DEBUG_INFO = NO;
				MTL_FAST_MATH = YES;
				SWIFT_COMPILATION_MODE = wholemodule;
				SWIFT_OPTIMIZATION_LEVEL = "-O";
			};
			name = Release;
		};
		88860A2F2EA0DF5E006948EE /* Debug */ = {
			isa = XCBuildConfiguration;
			buildSettings = {
				ASSETCATALOG_COMPILER_APPICON_NAME = AppIcon;
				ASSETCATALOG_COMPILER_GLOBAL_ACCENT_COLOR_NAME = AccentColor;
				CODE_SIGN_ENTITLEMENTS = FilmEffect/FilmEffect.entitlements;
				CODE_SIGN_IDENTITY = "Apple Development";
				"CODE_SIGN_IDENTITY[sdk=iphoneos*]" = "iPhone Distribution";
				CODE_SIGN_STYLE = Manual;
				CURRENT_PROJECT_VERSION = 1;
				DEVELOPMENT_ASSET_PATHS = "\"FilmEffect/Preview Content\"";
				DEVELOPMENT_TEAM = "";
				"DEVELOPMENT_TEAM[sdk=iphoneos*]" = 8UT7U3MV6X;
				ENABLE_HARDENED_RUNTIME = YES;
				ENABLE_PREVIEWS = YES;
				GENERATE_INFOPLIST_FILE = YES;
				INFOPLIST_KEY_CFBundleDisplayName = FilmEffect;
				INFOPLIST_KEY_LSApplicationCategoryType = "public.app-category.business";
				"INFOPLIST_KEY_UIApplicationSceneManifest_Generation[sdk=iphoneos*]" = YES;
				"INFOPLIST_KEY_UIApplicationSceneManifest_Generation[sdk=iphonesimulator*]" = YES;
				"INFOPLIST_KEY_UIApplicationSupportsIndirectInputEvents[sdk=iphoneos*]" = YES;
				"INFOPLIST_KEY_UIApplicationSupportsIndirectInputEvents[sdk=iphonesimulator*]" = YES;
				"INFOPLIST_KEY_UILaunchScreen_Generation[sdk=iphoneos*]" = YES;
				"INFOPLIST_KEY_UILaunchScreen_Generation[sdk=iphonesimulator*]" = YES;
				"INFOPLIST_KEY_UIStatusBarStyle[sdk=iphoneos*]" = UIStatusBarStyleDefault;
				"INFOPLIST_KEY_UIStatusBarStyle[sdk=iphonesimulator*]" = UIStatusBarStyleDefault;
				INFOPLIST_KEY_UISupportedInterfaceOrientations_iPad = "UIInterfaceOrientationPortrait UIInterfaceOrientationPortraitUpsideDown UIInterfaceOrientationLandscapeLeft UIInterfaceOrientationLandscapeRight";
				INFOPLIST_KEY_UISupportedInterfaceOrientations_iPhone = "UIInterfaceOrientationPortrait UIInterfaceOrientationLandscapeLeft UIInterfaceOrientationLandscapeRight";
				IPHONEOS_DEPLOYMENT_TARGET = 16.2;
				LD_RUNPATH_SEARCH_PATHS = "@executable_path/Frameworks";
				"LD_RUNPATH_SEARCH_PATHS[sdk=macosx*]" = "@executable_path/../Frameworks";
				MACOSX_DEPLOYMENT_TARGET = 12.7;
				MARKETING_VERSION = 1.0;
				PRODUCT_BUNDLE_IDENTIFIER = com.haruki.FilmEffect;
				PRODUCT_NAME = "$(TARGET_NAME)";
				PROVISIONING_PROFILE_SPECIFIER = "";
				"PROVISIONING_PROFILE_SPECIFIER[sdk=iphoneos*]" = FilmEffect_AdHoc_Profile;
				SDKROOT = auto;
				SUPPORTED_PLATFORMS = "iphoneos iphonesimulator";
				SUPPORTS_MACCATALYST = NO;
				SUPPORTS_MAC_DESIGNED_FOR_IPHONE_IPAD = NO;
				SWIFT_EMIT_LOC_STRINGS = YES;
				SWIFT_VERSION = 5.0;
				TARGETED_DEVICE_FAMILY = 1;
			};
			name = Debug;
		};
		88860A302EA0DF5E006948EE /* Release */ = {
			isa = XCBuildConfiguration;
			buildSettings = {
				ASSETCATALOG_COMPILER_APPICON_NAME = AppIcon;
				ASSETCATALOG_COMPILER_GLOBAL_ACCENT_COLOR_NAME = AccentColor;
				CODE_SIGN_ENTITLEMENTS = FilmEffect/FilmEffect.entitlements;
				CODE_SIGN_IDENTITY = "Apple Development";
				"CODE_SIGN_IDENTITY[sdk=iphoneos*]" = "iPhone Distribution";
				CODE_SIGN_STYLE = Manual;
				CURRENT_PROJECT_VERSION = 1;
				DEVELOPMENT_ASSET_PATHS = "\"FilmEffect/Preview Content\"";
				DEVELOPMENT_TEAM = "";
				"DEVELOPMENT_TEAM[sdk=iphoneos*]" = 8UT7U3MV6X;
				ENABLE_HARDENED_RUNTIME = YES;
				ENABLE_PREVIEWS = YES;
				GENERATE_INFOPLIST_FILE = YES;
				INFOPLIST_KEY_CFBundleDisplayName = FilmEffect;
				INFOPLIST_KEY_LSApplicationCategoryType = "public.app-category.business";
				"INFOPLIST_KEY_UIApplicationSceneManifest_Generation[sdk=iphoneos*]" = YES;
				"INFOPLIST_KEY_UIApplicationSceneManifest_Generation[sdk=iphonesimulator*]" = YES;
				"INFOPLIST_KEY_UIApplicationSupportsIndirectInputEvents[sdk=iphoneos*]" = YES;
				"INFOPLIST_KEY_UIApplicationSupportsIndirectInputEvents[sdk=iphonesimulator*]" = YES;
				"INFOPLIST_KEY_UILaunchScreen_Generation[sdk=iphoneos*]" = YES;
				"INFOPLIST_KEY_UILaunchScreen_Generation[sdk=iphonesimulator*]" = YES;
				"INFOPLIST_KEY_UIStatusBarStyle[sdk=iphoneos*]" = UIStatusBarStyleDefault;
				"INFOPLIST_KEY_UIStatusBarStyle[sdk=iphonesimulator*]" = UIStatusBarStyleDefault;
				INFOPLIST_KEY_UISupportedInterfaceOrientations_iPad = "UIInterfaceOrientationPortrait UIInterfaceOrientationPortraitUpsideDown UIInterfaceOrientationLandscapeLeft UIInterfaceOrientationLandscapeRight";
				INFOPLIST_KEY_UISupportedInterfaceOrientations_iPhone = "UIInterfaceOrientationPortrait UIInterfaceOrientationLandscapeLeft UIInterfaceOrientationLandscapeRight";
				IPHONEOS_DEPLOYMENT_TARGET = 16.2;
				LD_RUNPATH_SEARCH_PATHS = "@executable_path/Frameworks";
				"LD_RUNPATH_SEARCH_PATHS[sdk=macosx*]" = "@executable_path/../Frameworks";
				MACOSX_DEPLOYMENT_TARGET = 12.7;
				MARKETING_VERSION = 1.0;
				PRODUCT_BUNDLE_IDENTIFIER = com.haruki.FilmEffect;
				PRODUCT_NAME = "$(TARGET_NAME)";
				PROVISIONING_PROFILE_SPECIFIER = "";
				"PROVISIONING_PROFILE_SPECIFIER[sdk=iphoneos*]" = FilmEffect_AdHoc_Profile;
				SDKROOT = auto;
				SUPPORTED_PLATFORMS = "iphoneos iphonesimulator";
				SUPPORTS_MACCATALYST = NO;
				SUPPORTS_MAC_DESIGNED_FOR_IPHONE_IPAD = NO;
				SWIFT_EMIT_LOC_STRINGS = YES;
				SWIFT_VERSION = 5.0;
				TARGETED_DEVICE_FAMILY = 1;
			};
			name = Release;
		};
		88860A322EA0DF5E006948EE /* Debug */ = {
			isa = XCBuildConfiguration;
			buildSettings = {
				ALWAYS_EMBED_SWIFT_STANDARD_LIBRARIES = YES;
				BUNDLE_LOADER = "$(TEST_HOST)";
				CODE_SIGN_STYLE = Automatic;
				CURRENT_PROJECT_VERSION = 1;
				DEVELOPMENT_TEAM = 8UT7U3MV6X;
				GENERATE_INFOPLIST_FILE = YES;
				IPHONEOS_DEPLOYMENT_TARGET = 16.2;
				MACOSX_DEPLOYMENT_TARGET = 12.7;
				MARKETING_VERSION = 1.0;
				PRODUCT_BUNDLE_IDENTIFIER = com.haruki.FilmEffectTests;
				PRODUCT_NAME = "$(TARGET_NAME)";
				SDKROOT = auto;
				SUPPORTED_PLATFORMS = "iphoneos iphonesimulator macosx";
				SWIFT_EMIT_LOC_STRINGS = NO;
				SWIFT_VERSION = 5.0;
				TARGETED_DEVICE_FAMILY = "1,2";
				TEST_HOST = "$(BUILT_PRODUCTS_DIR)/FilmEffect.app/$(BUNDLE_EXECUTABLE_FOLDER_PATH)/FilmEffect";
			};
			name = Debug;
		};
		88860A332EA0DF5E006948EE /* Release */ = {
			isa = XCBuildConfiguration;
			buildSettings = {
				ALWAYS_EMBED_SWIFT_STANDARD_LIBRARIES = YES;
				BUNDLE_LOADER = "$(TEST_HOST)";
				CODE_SIGN_STYLE = Automatic;
				CURRENT_PROJECT_VERSION = 1;
				DEVELOPMENT_TEAM = 8UT7U3MV6X;
				GENERATE_INFOPLIST_FILE = YES;
				IPHONEOS_DEPLOYMENT_TARGET = 16.2;
				MACOSX_DEPLOYMENT_TARGET = 12.7;
				MARKETING_VERSION = 1.0;
				PRODUCT_BUNDLE_IDENTIFIER = com.haruki.FilmEffectTests;
				PRODUCT_NAME = "$(TARGET_NAME)";
				SDKROOT = auto;
				SUPPORTED_PLATFORMS = "iphoneos iphonesimulator macosx";
				SWIFT_EMIT_LOC_STRINGS = NO;
				SWIFT_VERSION = 5.0;
				TARGETED_DEVICE_FAMILY = "1,2";
				TEST_HOST = "$(BUILT_PRODUCTS_DIR)/FilmEffect.app/$(BUNDLE_EXECUTABLE_FOLDER_PATH)/FilmEffect";
			};
			name = Release;
		};
		88860A352EA0DF5E006948EE /* Debug */ = {
			isa = XCBuildConfiguration;
			buildSettings = {
				ALWAYS_EMBED_SWIFT_STANDARD_LIBRARIES = YES;
				CODE_SIGN_STYLE = Automatic;
				CURRENT_PROJECT_VERSION = 1;
				DEVELOPMENT_TEAM = 8UT7U3MV6X;
				GENERATE_INFOPLIST_FILE = YES;
				IPHONEOS_DEPLOYMENT_TARGET = 16.2;
				MACOSX_DEPLOYMENT_TARGET = 12.7;
				MARKETING_VERSION = 1.0;
				PRODUCT_BUNDLE_IDENTIFIER = com.haruki.FilmEffectUITests;
				PRODUCT_NAME = "$(TARGET_NAME)";
				SDKROOT = auto;
				SUPPORTED_PLATFORMS = "iphoneos iphonesimulator macosx";
				SWIFT_EMIT_LOC_STRINGS = NO;
				SWIFT_VERSION = 5.0;
				TARGETED_DEVICE_FAMILY = "1,2";
				TEST_TARGET_NAME = FilmEffect;
			};
			name = Debug;
		};
		88860A362EA0DF5E006948EE /* Release */ = {
			isa = XCBuildConfiguration;
			buildSettings = {
				ALWAYS_EMBED_SWIFT_STANDARD_LIBRARIES = YES;
				CODE_SIGN_STYLE = Automatic;
				CURRENT_PROJECT_VERSION = 1;
				DEVELOPMENT_TEAM = 8UT7U3MV6X;
				GENERATE_INFOPLIST_FILE = YES;
				IPHONEOS_DEPLOYMENT_TARGET = 16.2;
				MACOSX_DEPLOYMENT_TARGET = 12.7;
				MARKETING_VERSION = 1.0;
				PRODUCT_BUNDLE_IDENTIFIER = com.haruki.FilmEffectUITests;
				PRODUCT_NAME = "$(TARGET_NAME)";
				SDKROOT = auto;
				SUPPORTED_PLATFORMS = "iphoneos iphonesimulator macosx";
				SWIFT_EMIT_LOC_STRINGS = NO;
				SWIFT_VERSION = 5.0;
				TARGETED_DEVICE_FAMILY = "1,2";
				TEST_TARGET_NAME = FilmEffect;
			};
			name = Release;
		};
/* End XCBuildConfiguration section */

/* Begin XCConfigurationList section */
		88860A042EA0DF5C006948EE /* Build configuration list for PBXProject "FilmEffect" */ = {
			isa = XCConfigurationList;
			buildConfigurations = (
				88860A2C2EA0DF5E006948EE /* Debug */,
				88860A2D2EA0DF5E006948EE /* Release */,
			);
			defaultConfigurationIsVisible = 0;
			defaultConfigurationName = Release;
		};
		88860A2E2EA0DF5E006948EE /* Build configuration list for PBXNativeTarget "FilmEffect" */ = {
			isa = XCConfigurationList;
			buildConfigurations = (
				88860A2F2EA0DF5E006948EE /* Debug */,
				88860A302EA0DF5E006948EE /* Release */,
			);
			defaultConfigurationIsVisible = 0;
			defaultConfigurationName = Release;
		};
		88860A312EA0DF5E006948EE /* Build configuration list for PBXNativeTarget "FilmEffectTests" */ = {
			isa = XCConfigurationList;
			buildConfigurations = (
				88860A322EA0DF5E006948EE /* Debug */,
				88860A332EA0DF5E006948EE /* Release */,
			);
			defaultConfigurationIsVisible = 0;
			defaultConfigurationName = Release;
		};
		88860A342EA0DF5E006948EE /* Build configuration list for PBXNativeTarget "FilmEffectUITests" */ = {
			isa = XCConfigurationList;
			buildConfigurations = (
				88860A352EA0DF5E006948EE /* Debug */,
				88860A362EA0DF5E006948EE /* Release */,
			);
			defaultConfigurationIsVisible = 0;
			defaultConfigurationName = Release;
		};
/* End XCConfigurationList section */
	};
	rootObject = 88860A012EA0DF5C006948EE /* Project object */;
}
